hash: 48367910638b42f89ddc6624e64e184145f3f593bf5f6132424669ed3b4a96d9
updated: 2017-12-18T19:13:08.639957782Z
imports:
- name: github.com/bitly/go-nsq
  version: 8c1ff52dff6fd3ecc19c418649bc643b18e862fc
- name: github.com/corpix/effects
  version: 0d818ebf2da05939c8247de5b84f44a2428c032e
  subpackages:
  - closer
- name: github.com/corpix/formats
  version: 9a60a2b6efca3a5264cfbece220df11e8a2813f6
- name: github.com/corpix/loggers
  version: 69c4a7d3244f0509086d4080e8898376aeb95e09
  subpackages:
  - logger/logrus
  - logger/prefixwrapper
- name: github.com/corpix/lua
  version: 4959ea18994463fc699717fe90a3ed32ebf42659
  subpackages:
  - mapper
  - pool
- name: github.com/corpix/stores
  version: 6e928963c62c49aad5f322e0af61550d7da921ea
  subpackages:
  - errors
  - store/memory
  - store/memoryttl
- name: github.com/corpix/time
  version: 9adb218ff5319d3f3e3d5a44fe0cb5d4880762f4
- name: github.com/cryptounicorns/queues
  version: 1f4b2b2001b53e46d69d946252fafbb8094c29ec
  subpackages:
  - consumer
  - errors
  - message
  - producer
  - queue/channel
  - queue/kafka
  - queue/nsq
  - queue/readwriter
  - queue/websocket
  - result
- name: github.com/davecgh/go-spew
  version: ecdeabc65495df2dec95d7c4a4c3e021903035e5
  subpackages:
  - spew
- name: github.com/eapache/go-resiliency
  version: b1fe83b5b03f624450823b751b662259ffc6af70
  subpackages:
  - breaker
- name: github.com/eapache/go-xerial-snappy
  version: bb955e01b9346ac19dc29eb16586c90ded99a98c
- name: github.com/eapache/queue
  version: 44cc805cf13205b55f69e14bcb69867d1ae92f98
- name: github.com/go-playground/locales
  version: e4cbcb5d0652150d40ad0646651076b6bd2be4f6
  subpackages:
  - currency
- name: github.com/go-playground/universal-translator
  version: 71201497bace774495daed26a3874fd339e0b538
- name: github.com/go-playground/validator
  version: b1f51f36f1c98cc97f777d6fc9d4b05eaa0cabb5
- name: github.com/gobwas/httphead
  version: 01c9b01b368a438f615030bbbd5e4f9e0023e15c
- name: github.com/gobwas/pool
  version: 32dbaa12caca20fad12253c30591227e04f62cdd
  subpackages:
  - pbufio
  - pbytes
- name: github.com/gobwas/ws
  version: 915eed3240022c5265584c55032ef1b8c8f84168
  subpackages:
  - wsutil
- name: github.com/golang/snappy
  version: d9eb7a3d35ec988b8585d4a0068e462c27d28380
- name: github.com/imdario/mergo
  version: 7fe0c75c13abdee74b09fcacef5ea1c6bba6a874
- name: github.com/influxdata/influxdb
  version: b287c191f362e7313aae0fa08c19b787076ad530
  subpackages:
  - client/v2
  - models
  - pkg/escape
- name: github.com/naoina/go-stringutil
  version: 6b638e95a32d0c1131db0e7fe83775cbea4a0d0b
- name: github.com/naoina/toml
  version: 9fafd69674167c06933b1787ae235618431ce87f
  subpackages:
  - ast
- name: github.com/pierrec/lz4
  version: 08c27939df1bd95e881e2c2367a749964ad1fceb
- name: github.com/pierrec/xxHash
  version: a0006b13c722f7f12368c00a3d3c2ae8a999a0c6
  subpackages:
  - xxHash32
- name: github.com/rcrowley/go-metrics
  version: e181e095bae94582363434144c61a9653aff6e50
- name: github.com/Shopify/sarama
  version: 3b1b38866a79f06deddf0487d5c27ba0697ccd65
- name: github.com/sirupsen/logrus
  version: d682213848ed68c0a260ca37d6dd5ace8423f5ba
- name: github.com/urfave/cli
  version: 39908eb08fee7c10d842622a114a5c133fb0a3c6
- name: github.com/yuin/gopher-lua
  version: 3d9c8196b0034e3c36481248e02dc39953bcc849
  subpackages:
  - ast
  - parse
  - pm
- name: golang.org/x/crypto
  version: 9477e0b78b9ac3d0b03822fd95422e2fe07627cd
  subpackages:
  - ssh/terminal
- name: golang.org/x/sys
  version: 062cd7e4e68206d8bab9b18396626e855c992658
  subpackages:
  - unix
- name: gopkg.in/yaml.v2
  version: 287cf08546ab5e7e37d55a84f7ed3fd1db036de5
testImports: []
